// !$*UTF8*$!
{
	archiveVersion = 1;
	classes = {
	};
	objectVersion = 46;
	objects = {

/* Begin PBXBuildFile section */
		C29E2D321F8019DE00A540D0 /* AppDelegate.swift in Sources */ = {isa = PBXBuildFile; fileRef = C29E2D311F8019DE00A540D0 /* AppDelegate.swift */; };
		C29E2D341F8019DE00A540D0 /* ViewController.swift in Sources */ = {isa = PBXBuildFile; fileRef = C29E2D331F8019DE00A540D0 /* ViewController.swift */; };
		C29E2D371F8019DE00A540D0 /* Main.storyboard in Resources */ = {isa = PBXBuildFile; fileRef = C29E2D351F8019DE00A540D0 /* Main.storyboard */; };
		C29E2D3A1F8019DE00A540D0 /* TrabalhoFinalApp.xcdatamodeld in Sources */ = {isa = PBXBuildFile; fileRef = C29E2D381F8019DE00A540D0 /* TrabalhoFinalApp.xcdatamodeld */; };
		C29E2D3C1F8019DE00A540D0 /* Assets.xcassets in Resources */ = {isa = PBXBuildFile; fileRef = C29E2D3B1F8019DE00A540D0 /* Assets.xcassets */; };
		C29E2D3F1F8019DE00A540D0 /* LaunchScreen.storyboard in Resources */ = {isa = PBXBuildFile; fileRef = C29E2D3D1F8019DE00A540D0 /* LaunchScreen.storyboard */; };
/* End PBXBuildFile section */

/* Begin PBXFileReference section */
		C29E2D2E1F8019DE00A540D0 /* TrabalhoFinalApp.app */ = {isa = PBXFileReference; explicitFileType = wrapper.application; includeInIndex = 0; path = TrabalhoFinalApp.app; sourceTree = BUILT_PRODUCTS_DIR; };
		C29E2D311F8019DE00A540D0 /* AppDelegate.swift */ = {isa = PBXFileReference; lastKnownFileType = sourcecode.swift; path = AppDelegate.swift; sourceTree = "<group>"; };
		C29E2D331F8019DE00A540D0 /* ViewController.swift */ = {isa = PBXFileReference; lastKnownFileType = sourcecode.swift; path = ViewController.swift; sourceTree = "<group>"; };
		C29E2D361F8019DE00A540D0 /* Base */ = {isa = PBXFileReference; lastKnownFileType = file.storyboard; name = Base; path = Base.lproj/Main.storyboard; sourceTree = "<group>"; };
		C29E2D391F8019DE00A540D0 /* TrabalhoFinalApp.xcdatamodel */ = {isa = PBXFileReference; lastKnownFileType = wrapper.xcdatamodel; path = TrabalhoFinalApp.xcdatamodel; sourceTree = "<group>"; };
		C29E2D3B1F8019DE00A540D0 /* Assets.xcassets */ = {isa = PBXFileReference; lastKnownFileType = folder.assetcatalog; path = Assets.xcassets; sourceTree = "<group>"; };
		C29E2D3E1F8019DE00A540D0 /* Base */ = {isa = PBXFileReference; lastKnownFileType = file.storyboard; name = Base; path = Base.lproj/LaunchScreen.storyboard; sourceTree = "<group>"; };
		C29E2D401F8019DE00A540D0 /* Info.plist */ = {isa = PBXFileReference; lastKnownFileType = text.plist.xml; path = Info.plist; sourceTree = "<group>"; };
/* End PBXFileReference section */

/* Begin PBXFrameworksBuildPhase section */
		C29E2D2B1F8019DE00A540D0 /* Frameworks */ = {
			isa = PBXFrameworksBuildPhase;
			buildActionMask = 2147483647;
			files = (
			);
			runOnlyForDeploymentPostprocessing = 0;
		};
/* End PBXFrameworksBuildPhase section */

/* Begin PBXGroup section */
		C29E2D251F8019DE00A540D0 = {
			isa = PBXGroup;
			children = (
				C29E2D301F8019DE00A540D0 /* TrabalhoFinalApp */,
				C29E2D2F1F8019DE00A540D0 /* Products */,
			);
			sourceTree = "<group>";
		};
		C29E2D2F1F8019DE00A540D0 /* Products */ = {
			isa = PBXGroup;
			children = (
				C29E2D2E1F8019DE00A540D0 /* TrabalhoFinalApp.app */,
			);
			name = Products;
			sourceTree = "<group>";
		};
		C29E2D301F8019DE00A540D0 /* TrabalhoFinalApp */ = {
			isa = PBXGroup;
			children = (
				C29E2D311F8019DE00A540D0 /* AppDelegate.swift */,
				C29E2D331F8019DE00A540D0 /* ViewController.swift */,
				C29E2D351F8019DE00A540D0 /* Main.storyboard */,
				C29E2D3B1F8019DE00A540D0 /* Assets.xcassets */,
				C29E2D3D1F8019DE00A540D0 /* LaunchScreen.storyboard */,
				C29E2D401F8019DE00A540D0 /* Info.plist */,
				C29E2D381F8019DE00A540D0 /* TrabalhoFinalApp.xcdatamodeld */,
			);
			path = TrabalhoFinalApp;
			sourceTree = "<group>";
		};
/* End PBXGroup section */

/* Begin PBXNativeTarget section */
		C29E2D2D1F8019DE00A540D0 /* TrabalhoFinalApp */ = {
			isa = PBXNativeTarget;
			buildConfigurationList = C29E2D431F8019DE00A540D0 /* Build configuration list for PBXNativeTarget "TrabalhoFinalApp" */;
			buildPhases = (
				C29E2D2A1F8019DE00A540D0 /* Sources */,
				C29E2D2B1F8019DE00A540D0 /* Frameworks */,
				C29E2D2C1F8019DE00A540D0 /* Resources */,
			);
			buildRules = (
			);
			dependencies = (
			);
			name = TrabalhoFinalApp;
			productName = TrabalhoFinalApp;
			productReference = C29E2D2E1F8019DE00A540D0 /* TrabalhoFinalApp.app */;
			productType = "com.apple.product-type.application";
		};
/* End PBXNativeTarget section */

/* Begin PBXProject section */
		C29E2D261F8019DE00A540D0 /* Project object */ = {
			isa = PBXProject;
			attributes = {
				LastSwiftUpdateCheck = 0830;
				LastUpgradeCheck = 0830;
				ORGANIZATIONNAME = senac;
				TargetAttributes = {
					C29E2D2D1F8019DE00A540D0 = {
						CreatedOnToolsVersion = 8.3.2;
						ProvisioningStyle = Automatic;
					};
				};
			};
			buildConfigurationList = C29E2D291F8019DE00A540D0 /* Build configuration list for PBXProject "TrabalhoFinalApp" */;
			compatibilityVersion = "Xcode 3.2";
			developmentRegion = English;
			hasScannedForEncodings = 0;
			knownRegions = (
				en,
				Base,
			);
			mainGroup = C29E2D251F8019DE00A540D0;
			productRefGroup = C29E2D2F1F8019DE00A540D0 /* Products */;
			projectDirPath = "";
			projectRoot = "";
			targets = (
				C29E2D2D1F8019DE00A540D0 /* TrabalhoFinalApp */,
			);
		};
/* End PBXProject section */

/* Begin PBXResourcesBuildPhase section */
		C29E2D2C1F8019DE00A540D0 /* Resources */ = {
			isa = PBXResourcesBuildPhase;
			buildActionMask = 2147483647;
			files = (
				C29E2D3F1F8019DE00A540D0 /* LaunchScreen.storyboard in Resources */,
				C29E2D3C1F8019DE00A540D0 /* Assets.xcassets in Resources */,
				C29E2D371F8019DE00A540D0 /* Main.storyboard in Resources */,
			);
			runOnlyForDeploymentPostprocessing = 0;
		};
/* End PBXResourcesBuildPhase section */

/* Begin PBXSourcesBuildPhase section */
		C29E2D2A1F8019DE00A540D0 /* Sources */ = {
			isa = PBXSourcesBuildPhase;
			buildActionMask = 2147483647;
			files = (
				C29E2D341F8019DE00A540D0 /* ViewController.swift in Sources */,
				C29E2D3A1F8019DE00A540D0 /* TrabalhoFinalApp.xcdatamodeld in Sources */,
				C29E2D321F8019DE00A540D0 /* AppDelegate.swift in Sources */,
			);
			runOnlyForDeploymentPostprocessing = 0;
		};
/* End PBXSourcesBuildPhase section */

/* Begin PBXVariantGroup section */
		C29E2D351F8019DE00A540D0 /* Main.storyboard */ = {
			isa = PBXVariantGroup;
			children = (
				C29E2D361F8019DE00A540D0 /* Base */,
			);
			name = Main.storyboard;
			sourceTree = "<group>";
		};
		C29E2D3D1F8019DE00A540D0 /* LaunchScreen.storyboard */ = {
			isa = PBXVariantGroup;
			children = (
				C29E2D3E1F8019DE00A540D0 /* Base */,
			);
			name = LaunchScreen.storyboard;
			sourceTree = "<group>";
		};
/* End PBXVariantGroup section */

/* Begin XCBuildConfiguration section */
		C29E2D411F8019DE00A540D0 /* Debug */ = {
			isa = XCBuildConfiguration;
			buildSettings = {
				ALWAYS_SEARCH_USER_PATHS = NO;
				CLANG_ANALYZER_NONNULL = YES;
				CLANG_ANALYZER_NUMBER_OBJECT_CONVERSION = YES_AGGRESSIVE;
				CLANG_CXX_LANGUAGE_STANDARD = "gnu++0x";
				CLANG_CXX_LIBRARY = "libc++";
				CLANG_ENABLE_MODULES = YES;
				CLANG_ENABLE_OBJC_ARC = YES;
				CLANG_WARN_BOOL_CONVERSION = YES;
				CLANG_WARN_CONSTANT_CONVERSION = YES;
				CLANG_WARN_DIRECT_OBJC_ISA_USAGE = YES_ERROR;
				CLANG_WARN_DOCUMENTATION_COMMENTS = YES;
				CLANG_WARN_EMPTY_BODY = YES;
				CLANG_WARN_ENUM_CONVERSION = YES;
				CLANG_WARN_INFINITE_RECURSION = YES;
				CLANG_WARN_INT_CONVERSION = YES;
				CLANG_WARN_OBJC_ROOT_CLASS = YES_ERROR;
				CLANG_WARN_SUSPICIOUS_MOVE = YES;
				CLANG_WARN_UNREACHABLE_CODE = YES;
				CLANG_WARN__DUPLICATE_METHOD_MATCH = YES;
				"CODE_SIGN_IDENTITY[sdk=iphoneos*]" = "iPhone Developer";
				COPY_PHASE_STRIP = NO;
				DEBUG_INFORMATION_FORMAT = dwarf;
				ENABLE_STRICT_OBJC_MSGSEND = YES;
				ENABLE_TESTABILITY = YES;
				GCC_C_LANGUAGE_STANDARD = gnu99;
				GCC_DYNAMIC_NO_PIC = NO;
				GCC_NO_COMMON_BLOCKS = YES;
				GCC_OPTIMIZATION_LEVEL = 0;
				GCC_PREPROCESSOR_DEFINITIONS = (
					"DEBUG=1",
					"$(inherited)",
				);
				GCC_WARN_64_TO_32_BIT_CONVERSION = YES;
				GCC_WARN_ABOUT_RETURN_TYPE = YES_ERROR;
				GCC_WARN_UNDECLARED_SELECTOR = YES;
				GCC_WARN_UNINITIALIZED_AUTOS = YES_AGGRESSIVE;
				GCC_WARN_UNUSED_FUNCTION = YES;
				GCC_WARN_UNUSED_VARIABLE = YES;
				IPHONEOS_DEPLOYMENT_TARGET = 10.3;
				MTL_ENABLE_DEBUG_INFO = YES;
				ONLY_ACTIVE_ARCH = YES;
				SDKROOT = iphoneos;
				SWIFT_ACTIVE_COMPILATION_CONDITIONS = DEBUG;
				SWIFT_OPTIMIZATION_LEVEL = "-Onone";
				TARGETED_DEVICE_FAMILY = "1,2";
			};
			name = Debug;
		};
		C29E2D421F8019DE00A540D0 /* Release */ = {
			isa = XCBuildConfiguration;
			buildSettings = {
				ALWAYS_SEARCH_USER_PATHS = NO;
				CLANG_ANALYZER_NONNULL = YES;
				CLANG_ANALYZER_NUMBER_OBJECT_CONVERSION = YES_AGGRESSIVE;
				CLANG_CXX_LANGUAGE_STANDARD = "gnu++0x";
				CLANG_CXX_LIBRARY = "libc++";
				CLANG_ENABLE_MODULES = YES;
				CLANG_ENABLE_OBJC_ARC = YES;
				CLANG_WARN_BOOL_CONVERSION = YES;
				CLANG_WARN_CONSTANT_CONVERSION = YES;
				CLANG_WARN_DIRECT_OBJC_ISA_USAGE = YES_ERROR;
				CLANG_WARN_DOCUMENTATION_COMMENTS = YES;
				CLANG_WARN_EMPTY_BODY = YES;
				CLANG_WARN_ENUM_CONVERSION = YES;
				CLANG_WARN_INFINITE_RECURSION = YES;
				CLANG_WARN_INT_CONVERSION = YES;
				CLANG_WARN_OBJC_ROOT_CLASS = YES_ERROR;
				CLANG_WARN_SUSPICIOUS_MOVE = YES;
				CLANG_WARN_UNREACHABLE_CODE = YES;
				CLANG_WARN__DUPLICATE_METHOD_MATCH = YES;
				"CODE_SIGN_IDENTITY[sdk=iphoneos*]" = "iPhone Developer";
				COPY_PHASE_STRIP = NO;
				DEBUG_INFORMATION_FORMAT = "dwarf-with-dsym";
				ENABLE_NS_ASSERTIONS = NO;
				ENABLE_STRICT_OBJC_MSGSEND = YES;
				GCC_C_LANGUAGE_STANDARD = gnu99;
				GCC_NO_COMMON_BLOCKS = YES;
				GCC_WARN_64_TO_32_BIT_CONVERSION = YES;
				GCC_WARN_ABOUT_RETURN_TYPE = YES_ERROR;
				GCC_WARN_UNDECLARED_SELECTOR = YES;
				GCC_WARN_UNINITIALIZED_AUTOS = YES_AGGRESSIVE;
				GCC_WARN_UNUSED_FUNCTION = YES;
				GCC_WARN_UNUSED_VARIABLE = YES;
				IPHONEOS_DEPLOYMENT_TARGET = 10.3;
				MTL_ENABLE_DEBUG_INFO = NO;
				SDKROOT = iphoneos;
				SWIFT_OPTIMIZATION_LEVEL = "-Owholemodule";
				TARGETED_DEVICE_FAMILY = "1,2";
				VALIDATE_PRODUCT = YES;
			};
			name = Release;
		};
		C29E2D441F8019DE00A540D0 /* Debug */ = {
			isa = XCBuildConfiguration;
			buildSettings = {
				ASSETCATALOG_COMPILER_APPICON_NAME = AppIcon;
				INFOPLIST_FILE = TrabalhoFinalApp/Info.plist;
				LD_RUNPATH_SEARCH_PATHS = "$(inherited) @executable_path/Frameworks";
				PRODUCT_BUNDLE_IDENTIFIER = senac.ios.TrabalhoFinalApp;
				PRODUCT_NAME = "$(TARGET_NAME)";
				SWIFT_VERSION = 3.0;
			};
			name = Debug;
		};
		C29E2D451F8019DE00A540D0 /* Release */ = {
			isa = XCBuildConfiguration;
			buildSettings = {
				ASSETCATALOG_COMPILER_APPICON_NAME = AppIcon;
				INFOPLIST_FILE = TrabalhoFinalApp/Info.plist;
				LD_RUNPATH_SEARCH_PATHS = "$(inherited) @executable_path/Frameworks";
				PRODUCT_BUNDLE_IDENTIFIER = senac.ios.TrabalhoFinalApp;
				PRODUCT_NAME = "$(TARGET_NAME)";
				SWIFT_VERSION = 3.0;
			};
			name = Release;
		};
/* End XCBuildConfiguration section */

/* Begin XCConfigurationList section */
		C29E2D291F8019DE00A540D0 /* Build configuration list for PBXProject "TrabalhoFinalApp" */ = {
			isa = XCConfigurationList;
			buildConfigurations = (
				C29E2D411F8019DE00A540D0 /* Debug */,
				C29E2D421F8019DE00A540D0 /* Release */,
			);
			defaultConfigurationIsVisible = 0;
			defaultConfigurationName = Release;
		};
		C29E2D431F8019DE00A540D0 /* Build configuration list for PBXNativeTarget "TrabalhoFinalApp" */ = {
			isa = XCConfigurationList;
			buildConfigurations = (
				C29E2D441F8019DE00A540D0 /* Debug */,
				C29E2D451F8019DE00A540D0 /* Release */,
			);
			defaultConfigurationIsVisible = 0;
		};
/* End XCConfigurationList section */

/* Begin XCVersionGroup section */
		C29E2D381F8019DE00A540D0 /* TrabalhoFinalApp.xcdatamodeld */ = {
			isa = XCVersionGroup;
			children = (
				C29E2D391F8019DE00A540D0 /* TrabalhoFinalApp.xcdatamodel */,
			);
			currentVersion = C29E2D391F8019DE00A540D0 /* TrabalhoFinalApp.xcdatamodel */;
			path = TrabalhoFinalApp.xcdatamodeld;
			sourceTree = "<group>";
			versionGroupType = wrapper.xcdatamodel;
		};
/* End XCVersionGroup section */
	};
	rootObject = C29E2D261F8019DE00A540D0 /* Project object */;
}
